<Solution>
  <Folder Name="/Courses/" />
  <Folder Name="/Courses/Udemy/" />
  <Folder Name="/Courses/Udemy/AspDotNetCoreUltimate/" />
  <Folder Name="/Courses/Udemy/AspDotNetCoreUltimate/S02_GettingStarted_MvcAndWebApi/">
    <Project Path="Courses/Udemy/AspDotNetCoreUltimate/S02_GettingStarted_MvcAndWebApi/C011_FirstAspDotNetApp/C011_FirstAspDotNetApp.csproj" />
    <Project Path="Courses/Udemy/AspDotNetCoreUltimate/S02_GettingStarted_MvcAndWebApi/C013_LaunchSettings/C013_LaunchSettings.csproj" />
  </Folder>
  <Folder Name="/Courses/Udemy/AspDotNetCoreUltimate/S03_Http_MvcAndWebApi/">
    <Project Path="Courses/Udemy/AspDotNetCoreUltimate/S03_Http_MvcAndWebApi/C017_HttpNotes/C017_HttpNotes.csproj" />
    <Project Path="Courses/Udemy/AspDotNetCoreUltimate/S03_Http_MvcAndWebApi/C019_HttpResponseHeaders/C019_HttpResponseHeaders.csproj" />
  </Folder>
  <Folder Name="/Courses/Udemy/CompleteCSharpMasterclass/" />
  <Folder Name="/Courses/Udemy/CompleteCSharpMasterclass/S011_EventsAndDelegates/">
    <Project Path="Courses/Udemy/CompleteCSharpMasterclass/S011_EventsAndDelegates/C222_IntroductionToDelegates/C222_IntroductionToDelegates.csproj" Id="4cb693c4-c0a3-49e5-a92d-3eabcb8f8d6b" />
    <Project Path="Courses/Udemy/CompleteCSharpMasterclass/S011_EventsAndDelegates/C228_MulticastDelegates/C228_MulticastDelegates.csproj" Id="c142304f-30b7-4bba-aa2e-c1651d904bff" />
    <Project Path="Courses/Udemy/CompleteCSharpMasterclass/S011_EventsAndDelegates/C230_IntroToEvents_PublishersAndSubscribers/C230_IntroToEvents_PublishersAndSubscribers.csproj" Id="37fbc5c4-f532-4387-bb26-0d1eb6e0acdb" />
    <Project Path="Courses/Udemy/CompleteCSharpMasterclass/S011_EventsAndDelegates/C231_TemperatureMonitor/C231_TemperatureMonitor.csproj" Id="7b2032ea-fbcc-489f-903b-485f06b44d6d" />
  </Folder>
  <Folder Name="/Courses/Udemy/CompleteCSharpMasterclass/S013_WindowsPresentationFoundation/">
    <Project Path="Courses/Udemy/CompleteCSharpMasterclass/S013_WindowsPresentationFoundation/C245_WpfProject/C245_WpfProject.csproj" Id="02f772a1-e3d0-4309-89eb-7aa39014acf1" />
    <Project Path="Courses/Udemy/CompleteCSharpMasterclass/S013_WindowsPresentationFoundation/C247_TodoListApplication/C247_TodoListApplication.csproj" Id="a9f79935-d76b-4cd8-a652-5b658f2c5433" />
    <Project Path="Courses/Udemy/CompleteCSharpMasterclass/S013_WindowsPresentationFoundation/C262_LoginApplication/C262_LoginApplication.csproj" Id="81c2bc57-88bb-40a9-9074-516b8922b4f5" />
    <Project Path="Courses/Udemy/CompleteCSharpMasterclass/S013_WindowsPresentationFoundation/C267_DataBinding/C267_DataBinding.csproj" Id="1a34aafd-c70f-4cb0-8194-dfbc080b5a43" />
  </Folder>
  <Folder Name="/Topics/">
    <Project Path="Topics/CSharp.Tests/CSharp.Tests.csproj" />
    <Project Path="Topics/Wpf.Tests/Wpf.Tests.csproj" />
  </Folder>
</Solution>
